
Microsoft Visual Studio Solution File, Format Version 12.00
# Visual Studio 2012
Project("{FAE04EC0-301F-11D3-BF4B-00C04F79EFBC}") = "Datos", "Datos\Datos.csproj", "{8784AA15-E52E-456A-8BEB-ADBB4BEB9AC1}"
EndProject
Project("{FAE04EC0-301F-11D3-BF4B-00C04F79EFBC}") = "Negocio", "Negocio\Negocio.csproj", "{20F959DA-FBAA-4791-BE61-0A9FD0E4761C}"
EndProject
Project("{FAE04EC0-301F-11D3-BF4B-00C04F79EFBC}") = "Presentacion", "Presentacion\Presentacion.csproj", "{706161A3-8182-460B-BE2F-0BE2489A0ECA}"
EndProject
Global
	GlobalSection(SolutionConfigurationPlatforms) = preSolution
		Debug|Any CPU = Debug|Any CPU
		Release|Any CPU = Release|Any CPU
	EndGlobalSection
	GlobalSection(ProjectConfigurationPlatforms) = postSolution
		{8784AA15-E52E-456A-8BEB-ADBB4BEB9AC1}.Debug|Any CPU.ActiveCfg = Debug|Any CPU
		{8784AA15-E52E-456A-8BEB-ADBB4BEB9AC1}.Debug|Any CPU.Build.0 = Debug|Any CPU
		{8784AA15-E52E-456A-8BEB-ADBB4BEB9AC1}.Release|Any CPU.ActiveCfg = Release|Any CPU
		{8784AA15-E52E-456A-8BEB-ADBB4BEB9AC1}.Release|Any CPU.Build.0 = Release|Any CPU
		{20F959DA-FBAA-4791-BE61-0A9FD0E4761C}.Debug|Any CPU.ActiveCfg = Debug|Any CPU
		{20F959DA-FBAA-4791-BE61-0A9FD0E4761C}.Debug|Any CPU.Build.0 = Debug|Any CPU
		{20F959DA-FBAA-4791-BE61-0A9FD0E4761C}.Release|Any CPU.ActiveCfg = Release|Any CPU
		{20F959DA-FBAA-4791-BE61-0A9FD0E4761C}.Release|Any CPU.Build.0 = Release|Any CPU
		{706161A3-8182-460B-BE2F-0BE2489A0ECA}.Debug|Any CPU.ActiveCfg = Debug|Any CPU
		{706161A3-8182-460B-BE2F-0BE2489A0ECA}.Debug|Any CPU.Build.0 = Debug|Any CPU
		{706161A3-8182-460B-BE2F-0BE2489A0ECA}.Release|Any CPU.ActiveCfg = Release|Any CPU
		{706161A3-8182-460B-BE2F-0BE2489A0ECA}.Release|Any CPU.Build.0 = Release|Any CPU
	EndGlobalSection
	GlobalSection(SolutionProperties) = preSolution
		HideSolutionNode = FALSE
	EndGlobalSection
EndGlobal
